// !$*UTF8*$!
{
	archiveVersion = 1;
	classes = {
	};
	objectVersion = 46;
	objects = {

/* Begin PBXBuildFile section */
		C49006411CA8E02800217B18 /* KDCircularProgress.swift in Sources */ = {isa = PBXBuildFile; fileRef = C49006241CA8E02800217B18 /* KDCircularProgress.swift */; };
		C490065C1CA9309800217B18 /* ActivityTableCell.swift in Sources */ = {isa = PBXBuildFile; fileRef = C490065B1CA9309800217B18 /* ActivityTableCell.swift */; };
		C49006601CAA2C6000217B18 /* Activities.swift in Sources */ = {isa = PBXBuildFile; fileRef = C490065F1CAA2C6000217B18 /* Activities.swift */; };
		C49006621CAA2D3700217B18 /* ActivityStats.swift in Sources */ = {isa = PBXBuildFile; fileRef = C49006611CAA2D3700217B18 /* ActivityStats.swift */; };
		C4A432EC1CA6C4E0002DCEDD /* AppDelegate.swift in Sources */ = {isa = PBXBuildFile; fileRef = C4A432EB1CA6C4E0002DCEDD /* AppDelegate.swift */; };
		C4A432EE1CA6C4E0002DCEDD /* ActivityTableView.swift in Sources */ = {isa = PBXBuildFile; fileRef = C4A432ED1CA6C4E0002DCEDD /* ActivityTableView.swift */; };
		C4A432F11CA6C4E0002DCEDD /* Main.storyboard in Resources */ = {isa = PBXBuildFile; fileRef = C4A432EF1CA6C4E0002DCEDD /* Main.storyboard */; };
		C4A432F41CA6C4E0002DCEDD /* ActivityTimeTracker.xcdatamodeld in Sources */ = {isa = PBXBuildFile; fileRef = C4A432F21CA6C4E0002DCEDD /* ActivityTimeTracker.xcdatamodeld */; };
		C4A432F61CA6C4E0002DCEDD /* Assets.xcassets in Resources */ = {isa = PBXBuildFile; fileRef = C4A432F51CA6C4E0002DCEDD /* Assets.xcassets */; };
		C4A432F91CA6C4E0002DCEDD /* LaunchScreen.storyboard in Resources */ = {isa = PBXBuildFile; fileRef = C4A432F71CA6C4E0002DCEDD /* LaunchScreen.storyboard */; };
		C4A433041CA6C4E0002DCEDD /* ActivityTimeTrackerTests.swift in Sources */ = {isa = PBXBuildFile; fileRef = C4A433031CA6C4E0002DCEDD /* ActivityTimeTrackerTests.swift */; };
		C4A4330F1CA6C4E0002DCEDD /* ActivityTimeTrackerUITests.swift in Sources */ = {isa = PBXBuildFile; fileRef = C4A4330E1CA6C4E0002DCEDD /* ActivityTimeTrackerUITests.swift */; };
/* End PBXBuildFile section */

/* Begin PBXContainerItemProxy section */
		C4A433001CA6C4E0002DCEDD /* PBXContainerItemProxy */ = {
			isa = PBXContainerItemProxy;
			containerPortal = C4A432E01CA6C4DF002DCEDD /* Project object */;
			proxyType = 1;
			remoteGlobalIDString = C4A432E71CA6C4DF002DCEDD;
			remoteInfo = ActivityTimeTracker;
		};
		C4A4330B1CA6C4E0002DCEDD /* PBXContainerItemProxy */ = {
			isa = PBXContainerItemProxy;
			containerPortal = C4A432E01CA6C4DF002DCEDD /* Project object */;
			proxyType = 1;
			remoteGlobalIDString = C4A432E71CA6C4DF002DCEDD;
			remoteInfo = ActivityTimeTracker;
		};
/* End PBXContainerItemProxy section */

/* Begin PBXFileReference section */
		C49006241CA8E02800217B18 /* KDCircularProgress.swift */ = {isa = PBXFileReference; fileEncoding = 4; lastKnownFileType = sourcecode.swift; name = KDCircularProgress.swift; path = "KDCircularProgress-master/KDCircularProgress/KDCircularProgress.swift"; sourceTree = "<group>"; };
		C490065B1CA9309800217B18 /* ActivityTableCell.swift */ = {isa = PBXFileReference; fileEncoding = 4; lastKnownFileType = sourcecode.swift; path = ActivityTableCell.swift; sourceTree = "<group>"; };
		C490065F1CAA2C6000217B18 /* Activities.swift */ = {isa = PBXFileReference; fileEncoding = 4; lastKnownFileType = sourcecode.swift; path = Activities.swift; sourceTree = "<group>"; };
		C49006611CAA2D3700217B18 /* ActivityStats.swift */ = {isa = PBXFileReference; fileEncoding = 4; lastKnownFileType = sourcecode.swift; path = ActivityStats.swift; sourceTree = "<group>"; };
		C4A432E81CA6C4DF002DCEDD /* ActivityTimeTracker.app */ = {isa = PBXFileReference; explicitFileType = wrapper.application; includeInIndex = 0; path = ActivityTimeTracker.app; sourceTree = BUILT_PRODUCTS_DIR; };
		C4A432EB1CA6C4E0002DCEDD /* AppDelegate.swift */ = {isa = PBXFileReference; lastKnownFileType = sourcecode.swift; path = AppDelegate.swift; sourceTree = "<group>"; };
		C4A432ED1CA6C4E0002DCEDD /* ActivityTableView.swift */ = {isa = PBXFileReference; lastKnownFileType = sourcecode.swift; path = ActivityTableView.swift; sourceTree = "<group>"; };
		C4A432F01CA6C4E0002DCEDD /* Base */ = {isa = PBXFileReference; lastKnownFileType = file.storyboard; name = Base; path = Base.lproj/Main.storyboard; sourceTree = "<group>"; };
		C4A432F31CA6C4E0002DCEDD /* ActivityTimeTracker.xcdatamodel */ = {isa = PBXFileReference; lastKnownFileType = wrapper.xcdatamodel; path = ActivityTimeTracker.xcdatamodel; sourceTree = "<group>"; };
		C4A432F51CA6C4E0002DCEDD /* Assets.xcassets */ = {isa = PBXFileReference; lastKnownFileType = folder.assetcatalog; path = Assets.xcassets; sourceTree = "<group>"; };
		C4A432F81CA6C4E0002DCEDD /* Base */ = {isa = PBXFileReference; lastKnownFileType = file.storyboard; name = Base; path = Base.lproj/LaunchScreen.storyboard; sourceTree = "<group>"; };
		C4A432FA1CA6C4E0002DCEDD /* Info.plist */ = {isa = PBXFileReference; lastKnownFileType = text.plist.xml; path = Info.plist; sourceTree = "<group>"; };
		C4A432FF1CA6C4E0002DCEDD /* ActivityTimeTrackerTests.xctest */ = {isa = PBXFileReference; explicitFileType = wrapper.cfbundle; includeInIndex = 0; path = ActivityTimeTrackerTests.xctest; sourceTree = BUILT_PRODUCTS_DIR; };
		C4A433031CA6C4E0002DCEDD /* ActivityTimeTrackerTests.swift */ = {isa = PBXFileReference; lastKnownFileType = sourcecode.swift; path = ActivityTimeTrackerTests.swift; sourceTree = "<group>"; };
		C4A433051CA6C4E0002DCEDD /* Info.plist */ = {isa = PBXFileReference; lastKnownFileType = text.plist.xml; path = Info.plist; sourceTree = "<group>"; };
		C4A4330A1CA6C4E0002DCEDD /* ActivityTimeTrackerUITests.xctest */ = {isa = PBXFileReference; explicitFileType = wrapper.cfbundle; includeInIndex = 0; path = ActivityTimeTrackerUITests.xctest; sourceTree = BUILT_PRODUCTS_DIR; };
		C4A4330E1CA6C4E0002DCEDD /* ActivityTimeTrackerUITests.swift */ = {isa = PBXFileReference; lastKnownFileType = sourcecode.swift; path = ActivityTimeTrackerUITests.swift; sourceTree = "<group>"; };
		C4A433101CA6C4E0002DCEDD /* Info.plist */ = {isa = PBXFileReference; lastKnownFileType = text.plist.xml; path = Info.plist; sourceTree = "<group>"; };
/* End PBXFileReference section */

/* Begin PBXFrameworksBuildPhase section */
		C4A432E51CA6C4DF002DCEDD /* Frameworks */ = {
			isa = PBXFrameworksBuildPhase;
			buildActionMask = 2147483647;
			files = (
			);
			runOnlyForDeploymentPostprocessing = 0;
		};
		C4A432FC1CA6C4E0002DCEDD /* Frameworks */ = {
			isa = PBXFrameworksBuildPhase;
			buildActionMask = 2147483647;
			files = (
			);
			runOnlyForDeploymentPostprocessing = 0;
		};
		C4A433071CA6C4E0002DCEDD /* Frameworks */ = {
			isa = PBXFrameworksBuildPhase;
			buildActionMask = 2147483647;
			files = (
			);
			runOnlyForDeploymentPostprocessing = 0;
		};
/* End PBXFrameworksBuildPhase section */

/* Begin PBXGroup section */
		C4A432DF1CA6C4DF002DCEDD = {
			isa = PBXGroup;
			children = (
				C4A432EA1CA6C4DF002DCEDD /* ActivityTimeTracker */,
				C4A433021CA6C4E0002DCEDD /* ActivityTimeTrackerTests */,
				C4A4330D1CA6C4E0002DCEDD /* ActivityTimeTrackerUITests */,
				C4A432E91CA6C4DF002DCEDD /* Products */,
			);
			sourceTree = "<group>";
		};
		C4A432E91CA6C4DF002DCEDD /* Products */ = {
			isa = PBXGroup;
			children = (
				C4A432E81CA6C4DF002DCEDD /* ActivityTimeTracker.app */,
				C4A432FF1CA6C4E0002DCEDD /* ActivityTimeTrackerTests.xctest */,
				C4A4330A1CA6C4E0002DCEDD /* ActivityTimeTrackerUITests.xctest */,
			);
			name = Products;
			sourceTree = "<group>";
		};
		C4A432EA1CA6C4DF002DCEDD /* ActivityTimeTracker */ = {
			isa = PBXGroup;
			children = (
				C49006241CA8E02800217B18 /* KDCircularProgress.swift */,
				C4A432EB1CA6C4E0002DCEDD /* AppDelegate.swift */,
				C4A432ED1CA6C4E0002DCEDD /* ActivityTableView.swift */,
				C490065F1CAA2C6000217B18 /* Activities.swift */,
				C49006611CAA2D3700217B18 /* ActivityStats.swift */,
				C4A432EF1CA6C4E0002DCEDD /* Main.storyboard */,
				C490065B1CA9309800217B18 /* ActivityTableCell.swift */,
				C4A432F51CA6C4E0002DCEDD /* Assets.xcassets */,
				C4A432F71CA6C4E0002DCEDD /* LaunchScreen.storyboard */,
				C4A432FA1CA6C4E0002DCEDD /* Info.plist */,
				C4A432F21CA6C4E0002DCEDD /* ActivityTimeTracker.xcdatamodeld */,
			);
			path = ActivityTimeTracker;
			sourceTree = "<group>";
		};
		C4A433021CA6C4E0002DCEDD /* ActivityTimeTrackerTests */ = {
			isa = PBXGroup;
			children = (
				C4A433031CA6C4E0002DCEDD /* ActivityTimeTrackerTests.swift */,
				C4A433051CA6C4E0002DCEDD /* Info.plist */,
			);
			path = ActivityTimeTrackerTests;
			sourceTree = "<group>";
		};
		C4A4330D1CA6C4E0002DCEDD /* ActivityTimeTrackerUITests */ = {
			isa = PBXGroup;
			children = (
				C4A4330E1CA6C4E0002DCEDD /* ActivityTimeTrackerUITests.swift */,
				C4A433101CA6C4E0002DCEDD /* Info.plist */,
			);
			path = ActivityTimeTrackerUITests;
			sourceTree = "<group>";
		};
/* End PBXGroup section */

/* Begin PBXNativeTarget section */
		C4A432E71CA6C4DF002DCEDD /* ActivityTimeTracker */ = {
			isa = PBXNativeTarget;
			buildConfigurationList = C4A433131CA6C4E0002DCEDD /* Build configuration list for PBXNativeTarget "ActivityTimeTracker" */;
			buildPhases = (
				C4A432E41CA6C4DF002DCEDD /* Sources */,
				C4A432E51CA6C4DF002DCEDD /* Frameworks */,
				C4A432E61CA6C4DF002DCEDD /* Resources */,
			);
			buildRules = (
			);
			dependencies = (
			);
			name = ActivityTimeTracker;
			productName = ActivityTimeTracker;
			productReference = C4A432E81CA6C4DF002DCEDD /* ActivityTimeTracker.app */;
			productType = "com.apple.product-type.application";
		};
		C4A432FE1CA6C4E0002DCEDD /* ActivityTimeTrackerTests */ = {
			isa = PBXNativeTarget;
			buildConfigurationList = C4A433161CA6C4E0002DCEDD /* Build configuration list for PBXNativeTarget "ActivityTimeTrackerTests" */;
			buildPhases = (
				C4A432FB1CA6C4E0002DCEDD /* Sources */,
				C4A432FC1CA6C4E0002DCEDD /* Frameworks */,
				C4A432FD1CA6C4E0002DCEDD /* Resources */,
			);
			buildRules = (
			);
			dependencies = (
				C4A433011CA6C4E0002DCEDD /* PBXTargetDependency */,
			);
			name = ActivityTimeTrackerTests;
			productName = ActivityTimeTrackerTests;
			productReference = C4A432FF1CA6C4E0002DCEDD /* ActivityTimeTrackerTests.xctest */;
			productType = "com.apple.product-type.bundle.unit-test";
		};
		C4A433091CA6C4E0002DCEDD /* ActivityTimeTrackerUITests */ = {
			isa = PBXNativeTarget;
			buildConfigurationList = C4A433191CA6C4E0002DCEDD /* Build configuration list for PBXNativeTarget "ActivityTimeTrackerUITests" */;
			buildPhases = (
				C4A433061CA6C4E0002DCEDD /* Sources */,
				C4A433071CA6C4E0002DCEDD /* Frameworks */,
				C4A433081CA6C4E0002DCEDD /* Resources */,
			);
			buildRules = (
			);
			dependencies = (
				C4A4330C1CA6C4E0002DCEDD /* PBXTargetDependency */,
			);
			name = ActivityTimeTrackerUITests;
			productName = ActivityTimeTrackerUITests;
			productReference = C4A4330A1CA6C4E0002DCEDD /* ActivityTimeTrackerUITests.xctest */;
			productType = "com.apple.product-type.bundle.ui-testing";
		};
/* End PBXNativeTarget section */

/* Begin PBXProject section */
		C4A432E01CA6C4DF002DCEDD /* Project object */ = {
			isa = PBXProject;
			attributes = {
				LastSwiftUpdateCheck = 0730;
				LastUpgradeCheck = 0730;
				ORGANIZATIONNAME = "Chase Peers";
				TargetAttributes = {
					C4A432E71CA6C4DF002DCEDD = {
						CreatedOnToolsVersion = 7.3;
						DevelopmentTeam = DQYDDUA4LU;
					};
					C4A432FE1CA6C4E0002DCEDD = {
						CreatedOnToolsVersion = 7.3;
						DevelopmentTeam = DQYDDUA4LU;
						TestTargetID = C4A432E71CA6C4DF002DCEDD;
					};
					C4A433091CA6C4E0002DCEDD = {
						CreatedOnToolsVersion = 7.3;
						DevelopmentTeam = DQYDDUA4LU;
						TestTargetID = C4A432E71CA6C4DF002DCEDD;
					};
				};
			};
			buildConfigurationList = C4A432E31CA6C4DF002DCEDD /* Build configuration list for PBXProject "ActivityTimeTracker" */;
			compatibilityVersion = "Xcode 3.2";
			developmentRegion = English;
			hasScannedForEncodings = 0;
			knownRegions = (
				en,
				Base,
			);
			mainGroup = C4A432DF1CA6C4DF002DCEDD;
			productRefGroup = C4A432E91CA6C4DF002DCEDD /* Products */;
			projectDirPath = "";
			projectRoot = "";
			targets = (
				C4A432E71CA6C4DF002DCEDD /* ActivityTimeTracker */,
				C4A432FE1CA6C4E0002DCEDD /* ActivityTimeTrackerTests */,
				C4A433091CA6C4E0002DCEDD /* ActivityTimeTrackerUITests */,
			);
		};
/* End PBXProject section */

/* Begin PBXResourcesBuildPhase section */
		C4A432E61CA6C4DF002DCEDD /* Resources */ = {
			isa = PBXResourcesBuildPhase;
			buildActionMask = 2147483647;
			files = (
				C4A432F91CA6C4E0002DCEDD /* LaunchScreen.storyboard in Resources */,
				C4A432F61CA6C4E0002DCEDD /* Assets.xcassets in Resources */,
				C4A432F11CA6C4E0002DCEDD /* Main.storyboard in Resources */,
			);
			runOnlyForDeploymentPostprocessing = 0;
		};
		C4A432FD1CA6C4E0002DCEDD /* Resources */ = {
			isa = PBXResourcesBuildPhase;
			buildActionMask = 2147483647;
			files = (
			);
			runOnlyForDeploymentPostprocessing = 0;
		};
		C4A433081CA6C4E0002DCEDD /* Resources */ = {
			isa = PBXResourcesBuildPhase;
			buildActionMask = 2147483647;
			files = (
			);
			runOnlyForDeploymentPostprocessing = 0;
		};
/* End PBXResourcesBuildPhase section */

/* Begin PBXSourcesBuildPhase section */
		C4A432E41CA6C4DF002DCEDD /* Sources */ = {
			isa = PBXSourcesBuildPhase;
			buildActionMask = 2147483647;
			files = (
				C49006411CA8E02800217B18 /* KDCircularProgress.swift in Sources */,
				C4A432F41CA6C4E0002DCEDD /* ActivityTimeTracker.xcdatamodeld in Sources */,
				C49006621CAA2D3700217B18 /* ActivityStats.swift in Sources */,
				C4A432EE1CA6C4E0002DCEDD /* ActivityTableView.swift in Sources */,
				C490065C1CA9309800217B18 /* ActivityTableCell.swift in Sources */,
				C4A432EC1CA6C4E0002DCEDD /* AppDelegate.swift in Sources */,
				C49006601CAA2C6000217B18 /* Activities.swift in Sources */,
			);
			runOnlyForDeploymentPostprocessing = 0;
		};
		C4A432FB1CA6C4E0002DCEDD /* Sources */ = {
			isa = PBXSourcesBuildPhase;
			buildActionMask = 2147483647;
			files = (
				C4A433041CA6C4E0002DCEDD /* ActivityTimeTrackerTests.swift in Sources */,
			);
			runOnlyForDeploymentPostprocessing = 0;
		};
		C4A433061CA6C4E0002DCEDD /* Sources */ = {
			isa = PBXSourcesBuildPhase;
			buildActionMask = 2147483647;
			files = (
				C4A4330F1CA6C4E0002DCEDD /* ActivityTimeTrackerUITests.swift in Sources */,
			);
			runOnlyForDeploymentPostprocessing = 0;
		};
/* End PBXSourcesBuildPhase section */

/* Begin PBXTargetDependency section */
		C4A433011CA6C4E0002DCEDD /* PBXTargetDependency */ = {
			isa = PBXTargetDependency;
			target = C4A432E71CA6C4DF002DCEDD /* ActivityTimeTracker */;
			targetProxy = C4A433001CA6C4E0002DCEDD /* PBXContainerItemProxy */;
		};
		C4A4330C1CA6C4E0002DCEDD /* PBXTargetDependency */ = {
			isa = PBXTargetDependency;
			target = C4A432E71CA6C4DF002DCEDD /* ActivityTimeTracker */;
			targetProxy = C4A4330B1CA6C4E0002DCEDD /* PBXContainerItemProxy */;
		};
/* End PBXTargetDependency section */

/* Begin PBXVariantGroup section */
		C4A432EF1CA6C4E0002DCEDD /* Main.storyboard */ = {
			isa = PBXVariantGroup;
			children = (
				C4A432F01CA6C4E0002DCEDD /* Base */,
			);
			name = Main.storyboard;
			sourceTree = "<group>";
		};
		C4A432F71CA6C4E0002DCEDD /* LaunchScreen.storyboard */ = {
			isa = PBXVariantGroup;
			children = (
				C4A432F81CA6C4E0002DCEDD /* Base */,
			);
			name = LaunchScreen.storyboard;
			sourceTree = "<group>";
		};
/* End PBXVariantGroup section */

/* Begin XCBuildConfiguration section */
		C4A433111CA6C4E0002DCEDD /* Debug */ = {
			isa = XCBuildConfiguration;
			buildSettings = {
				ALWAYS_SEARCH_USER_PATHS = NO;
				CLANG_ANALYZER_NONNULL = YES;
				CLANG_CXX_LANGUAGE_STANDARD = "gnu++0x";
				CLANG_CXX_LIBRARY = "libc++";
				CLANG_ENABLE_MODULES = YES;
				CLANG_ENABLE_OBJC_ARC = YES;
				CLANG_WARN_BOOL_CONVERSION = YES;
				CLANG_WARN_CONSTANT_CONVERSION = YES;
				CLANG_WARN_DIRECT_OBJC_ISA_USAGE = YES_ERROR;
				CLANG_WARN_EMPTY_BODY = YES;
				CLANG_WARN_ENUM_CONVERSION = YES;
				CLANG_WARN_INT_CONVERSION = YES;
				CLANG_WARN_OBJC_ROOT_CLASS = YES_ERROR;
				CLANG_WARN_UNREACHABLE_CODE = YES;
				CLANG_WARN__DUPLICATE_METHOD_MATCH = YES;
				"CODE_SIGN_IDENTITY[sdk=iphoneos*]" = "iPhone Developer";
				COPY_PHASE_STRIP = NO;
				DEBUG_INFORMATION_FORMAT = dwarf;
				ENABLE_STRICT_OBJC_MSGSEND = YES;
				ENABLE_TESTABILITY = YES;
				GCC_C_LANGUAGE_STANDARD = gnu99;
				GCC_DYNAMIC_NO_PIC = NO;
				GCC_NO_COMMON_BLOCKS = YES;
				GCC_OPTIMIZATION_LEVEL = 0;
				GCC_PREPROCESSOR_DEFINITIONS = (
					"DEBUG=1",
					"$(inherited)",
				);
				GCC_WARN_64_TO_32_BIT_CONVERSION = YES;
				GCC_WARN_ABOUT_RETURN_TYPE = YES_ERROR;
				GCC_WARN_UNDECLARED_SELECTOR = YES;
				GCC_WARN_UNINITIALIZED_AUTOS = YES_AGGRESSIVE;
				GCC_WARN_UNUSED_FUNCTION = YES;
				GCC_WARN_UNUSED_VARIABLE = YES;
				IPHONEOS_DEPLOYMENT_TARGET = 9.3;
				MTL_ENABLE_DEBUG_INFO = YES;
				ONLY_ACTIVE_ARCH = YES;
				SDKROOT = iphoneos;
				SWIFT_OPTIMIZATION_LEVEL = "-Onone";
			};
			name = Debug;
		};
		C4A433121CA6C4E0002DCEDD /* Release */ = {
			isa = XCBuildConfiguration;
			buildSettings = {
				ALWAYS_SEARCH_USER_PATHS = NO;
				CLANG_ANALYZER_NONNULL = YES;
				CLANG_CXX_LANGUAGE_STANDARD = "gnu++0x";
				CLANG_CXX_LIBRARY = "libc++";
				CLANG_ENABLE_MODULES = YES;
				CLANG_ENABLE_OBJC_ARC = YES;
				CLANG_WARN_BOOL_CONVERSION = YES;
				CLANG_WARN_CONSTANT_CONVERSION = YES;
				CLANG_WARN_DIRECT_OBJC_ISA_USAGE = YES_ERROR;
				CLANG_WARN_EMPTY_BODY = YES;
				CLANG_WARN_ENUM_CONVERSION = YES;
				CLANG_WARN_INT_CONVERSION = YES;
				CLANG_WARN_OBJC_ROOT_CLASS = YES_ERROR;
				CLANG_WARN_UNREACHABLE_CODE = YES;
				CLANG_WARN__DUPLICATE_METHOD_MATCH = YES;
				"CODE_SIGN_IDENTITY[sdk=iphoneos*]" = "iPhone Developer";
				COPY_PHASE_STRIP = NO;
				DEBUG_INFORMATION_FORMAT = "dwarf-with-dsym";
				ENABLE_NS_ASSERTIONS = NO;
				ENABLE_STRICT_OBJC_MSGSEND = YES;
				GCC_C_LANGUAGE_STANDARD = gnu99;
				GCC_NO_COMMON_BLOCKS = YES;
				GCC_WARN_64_TO_32_BIT_CONVERSION = YES;
				GCC_WARN_ABOUT_RETURN_TYPE = YES_ERROR;
				GCC_WARN_UNDECLARED_SELECTOR = YES;
				GCC_WARN_UNINITIALIZED_AUTOS = YES_AGGRESSIVE;
				GCC_WARN_UNUSED_FUNCTION = YES;
				GCC_WARN_UNUSED_VARIABLE = YES;
				IPHONEOS_DEPLOYMENT_TARGET = 9.3;
				MTL_ENABLE_DEBUG_INFO = NO;
				SDKROOT = iphoneos;
				VALIDATE_PRODUCT = YES;
			};
			name = Release;
		};
		C4A433141CA6C4E0002DCEDD /* Debug */ = {
			isa = XCBuildConfiguration;
			buildSettings = {
				ASSETCATALOG_COMPILER_APPICON_NAME = AppIcon;
				INFOPLIST_FILE = ActivityTimeTracker/Info.plist;
				LD_RUNPATH_SEARCH_PATHS = "$(inherited) @executable_path/Frameworks";
				PRODUCT_BUNDLE_IDENTIFIER = DontHaveANameYet.ActivityTimeTracker;
				PRODUCT_NAME = "$(TARGET_NAME)";
			};
			name = Debug;
		};
		C4A433151CA6C4E0002DCEDD /* Release */ = {
			isa = XCBuildConfiguration;
			buildSettings = {
				ASSETCATALOG_COMPILER_APPICON_NAME = AppIcon;
				INFOPLIST_FILE = ActivityTimeTracker/Info.plist;
				LD_RUNPATH_SEARCH_PATHS = "$(inherited) @executable_path/Frameworks";
				PRODUCT_BUNDLE_IDENTIFIER = DontHaveANameYet.ActivityTimeTracker;
				PRODUCT_NAME = "$(TARGET_NAME)";
			};
			name = Release;
		};
		C4A433171CA6C4E0002DCEDD /* Debug */ = {
			isa = XCBuildConfiguration;
			buildSettings = {
				BUNDLE_LOADER = "$(TEST_HOST)";
				INFOPLIST_FILE = ActivityTimeTrackerTests/Info.plist;
				LD_RUNPATH_SEARCH_PATHS = "$(inherited) @executable_path/Frameworks @loader_path/Frameworks";
				PRODUCT_BUNDLE_IDENTIFIER = DontHaveANameYet.ActivityTimeTrackerTests;
				PRODUCT_NAME = "$(TARGET_NAME)";
				TEST_HOST = "$(BUILT_PRODUCTS_DIR)/ActivityTimeTracker.app/ActivityTimeTracker";
			};
			name = Debug;
		};
		C4A433181CA6C4E0002DCEDD /* Release */ = {
			isa = XCBuildConfiguration;
			buildSettings = {
				BUNDLE_LOADER = "$(TEST_HOST)";
				INFOPLIST_FILE = ActivityTimeTrackerTests/Info.plist;
				LD_RUNPATH_SEARCH_PATHS = "$(inherited) @executable_path/Frameworks @loader_path/Frameworks";
				PRODUCT_BUNDLE_IDENTIFIER = DontHaveANameYet.ActivityTimeTrackerTests;
				PRODUCT_NAME = "$(TARGET_NAME)";
				TEST_HOST = "$(BUILT_PRODUCTS_DIR)/ActivityTimeTracker.app/ActivityTimeTracker";
			};
			name = Release;
		};
		C4A4331A1CA6C4E0002DCEDD /* Debug */ = {
			isa = XCBuildConfiguration;
			buildSettings = {
				INFOPLIST_FILE = ActivityTimeTrackerUITests/Info.plist;
				LD_RUNPATH_SEARCH_PATHS = "$(inherited) @executable_path/Frameworks @loader_path/Frameworks";
				PRODUCT_BUNDLE_IDENTIFIER = DontHaveANameYet.ActivityTimeTrackerUITests;
				PRODUCT_NAME = "$(TARGET_NAME)";
				TEST_TARGET_NAME = ActivityTimeTracker;
			};
			name = Debug;
		};
		C4A4331B1CA6C4E0002DCEDD /* Release */ = {
			isa = XCBuildConfiguration;
			buildSettings = {
				INFOPLIST_FILE = ActivityTimeTrackerUITests/Info.plist;
				LD_RUNPATH_SEARCH_PATHS = "$(inherited) @executable_path/Frameworks @loader_path/Frameworks";
				PRODUCT_BUNDLE_IDENTIFIER = DontHaveANameYet.ActivityTimeTrackerUITests;
				PRODUCT_NAME = "$(TARGET_NAME)";
				TEST_TARGET_NAME = ActivityTimeTracker;
			};
			name = Release;
		};
/* End XCBuildConfiguration section */

/* Begin XCConfigurationList section */
		C4A432E31CA6C4DF002DCEDD /* Build configuration list for PBXProject "ActivityTimeTracker" */ = {
			isa = XCConfigurationList;
			buildConfigurations = (
				C4A433111CA6C4E0002DCEDD /* Debug */,
				C4A433121CA6C4E0002DCEDD /* Release */,
			);
			defaultConfigurationIsVisible = 0;
			defaultConfigurationName = Release;
		};
		C4A433131CA6C4E0002DCEDD /* Build configuration list for PBXNativeTarget "ActivityTimeTracker" */ = {
			isa = XCConfigurationList;
			buildConfigurations = (
				C4A433141CA6C4E0002DCEDD /* Debug */,
				C4A433151CA6C4E0002DCEDD /* Release */,
			);
			defaultConfigurationIsVisible = 0;
			defaultConfigurationName = Release;
		};
		C4A433161CA6C4E0002DCEDD /* Build configuration list for PBXNativeTarget "ActivityTimeTrackerTests" */ = {
			isa = XCConfigurationList;
			buildConfigurations = (
				C4A433171CA6C4E0002DCEDD /* Debug */,
				C4A433181CA6C4E0002DCEDD /* Release */,
			);
			defaultConfigurationIsVisible = 0;
			defaultConfigurationName = Release;
		};
		C4A433191CA6C4E0002DCEDD /* Build configuration list for PBXNativeTarget "ActivityTimeTrackerUITests" */ = {
			isa = XCConfigurationList;
			buildConfigurations = (
				C4A4331A1CA6C4E0002DCEDD /* Debug */,
				C4A4331B1CA6C4E0002DCEDD /* Release */,
			);
			defaultConfigurationIsVisible = 0;
			defaultConfigurationName = Release;
		};
/* End XCConfigurationList section */

/* Begin XCVersionGroup section */
		C4A432F21CA6C4E0002DCEDD /* ActivityTimeTracker.xcdatamodeld */ = {
			isa = XCVersionGroup;
			children = (
				C4A432F31CA6C4E0002DCEDD /* ActivityTimeTracker.xcdatamodel */,
			);
			currentVersion = C4A432F31CA6C4E0002DCEDD /* ActivityTimeTracker.xcdatamodel */;
			path = ActivityTimeTracker.xcdatamodeld;
			sourceTree = "<group>";
			versionGroupType = wrapper.xcdatamodel;
		};
/* End XCVersionGroup section */
	};
	rootObject = C4A432E01CA6C4DF002DCEDD /* Project object */;
}
